Microsoft Visual Studio Solution File, Format Version 12.00
# Visual Studio Version 17
VisualStudioVersion = 17.5.2.0
MinimumVisualStudioVersion = 10.0.40219.1
Project("{FAE04EC0-301F-11D3-BF4B-00C04F79EFBC}") = "S24.CompetitionApp", "S24.CompetitionApp.csproj", "{9C6AF8AB-97E7-6443-B3DE-7BE451C1E20C}"
EndProject
Global
	GlobalSection(SolutionConfigurationPlatforms) = preSolution
		Debug|Any CPU = Debug|Any CPU
		Release|Any CPU = Release|Any CPU
	EndGlobalSection
	GlobalSection(ProjectConfigurationPlatforms) = postSolution
		{9C6AF8AB-97E7-6443-B3DE-7BE451C1E20C}.Debug|Any CPU.ActiveCfg = Debug|Any CPU
		{9C6AF8AB-97E7-6443-B3DE-7BE451C1E20C}.Debug|Any CPU.Build.0 = Debug|Any CPU
		{9C6AF8AB-97E7-6443-B3DE-7BE451C1E20C}.Release|Any CPU.ActiveCfg = Release|Any CPU
		{9C6AF8AB-97E7-6443-B3DE-7BE451C1E20C}.Release|Any CPU.Build.0 = Release|Any CPU
	EndGlobalSection
	GlobalSection(SolutionProperties) = preSolution
		HideSolutionNode = FALSE
	EndGlobalSection
	GlobalSection(ExtensibilityGlobals) = postSolution
		SolutionGuid = {7DDBCDAC-5D53-4F26-A2ED-FE0350E91464}
	EndGlobalSection
EndGlobal
